
Microsoft Visual Studio Solution File, Format Version 12.00
# Visual Studio Version 17
VisualStudioVersion = 17.6.33829.357
MinimumVisualStudioVersion = 10.0.40219.1
Project("{E24C65DC-7377-472B-9ABA-BC803B73C61A}") = "Web App/Care point medical center", "http://localhost:61531/Care point medical center", "{C7F62B71-4D9C-40F2-BEDC-36FD3D929A39}"
	ProjectSection(WebsiteProperties) = preProject
		UseIISExpress = "true"
		TargetFrameworkMoniker = ".NETFramework,Version%3Dv4.8.1"
		Debug.AspNetCompiler.VirtualPath = "/Care point medical center"
		Debug.AspNetCompiler.PhysicalPath = "..\..\..\OneDrive\Documents\My Web Sites\Web App\Care point medical center\"
		Debug.AspNetCompiler.TargetPath = "PrecompiledWeb\Care point medical center\"
		Debug.AspNetCompiler.Updateable = "true"
		Debug.AspNetCompiler.ForceOverwrite = "true"
		Debug.AspNetCompiler.FixedNames = "false"
		Debug.AspNetCompiler.Debug = "True"
		Release.AspNetCompiler.VirtualPath = "/Care point medical center"
		Release.AspNetCompiler.PhysicalPath = "..\..\..\OneDrive\Documents\My Web Sites\Web App\Care point medical center\"
		Release.AspNetCompiler.TargetPath = "PrecompiledWeb\Care point medical center\"
		Release.AspNetCompiler.Updateable = "true"
		Release.AspNetCompiler.ForceOverwrite = "true"
		Release.AspNetCompiler.FixedNames = "false"
		Release.AspNetCompiler.Debug = "False"
		SlnRelativePath = "..\..\..\OneDrive\Documents\My Web Sites\Web App\Care point medical center\"
	EndProjectSection
EndProject
Global
	GlobalSection(SolutionConfigurationPlatforms) = preSolution
		Debug|Any CPU = Debug|Any CPU
	EndGlobalSection
	GlobalSection(ProjectConfigurationPlatforms) = postSolution
		{C7F62B71-4D9C-40F2-BEDC-36FD3D929A39}.Debug|Any CPU.ActiveCfg = Debug|Any CPU
		{C7F62B71-4D9C-40F2-BEDC-36FD3D929A39}.Debug|Any CPU.Build.0 = Debug|Any CPU
	EndGlobalSection
	GlobalSection(SolutionProperties) = preSolution
		HideSolutionNode = FALSE
	EndGlobalSection
	GlobalSection(ExtensibilityGlobals) = postSolution
		SolutionGuid = {03DC80EF-51FB-423C-9A35-AAE5B157EC70}
	EndGlobalSection
EndGlobal
